
Microsoft Visual Studio Solution File, Format Version 12.00
# Visual Studio Version 17
VisualStudioVersion = 17.6.33829.357
MinimumVisualStudioVersion = 10.0.40219.1
Project("{9A19103F-16F7-4668-BE54-9A1E7A4F7556}") = "ProSelf.Domain", "src\ProSelf.Domain\ProSelf.Domain.csproj", "{554AD327-6DBA-4F8F-96F8-81CE7A0C863F}"
EndProject
Project("{9A19103F-16F7-4668-BE54-9A1E7A4F7556}") = "ProSelf.Application", "src\ProSelf.Application\ProSelf.Application.csproj", "{1A94A50E-06DC-43C1-80B5-B662820EC3EB}"
EndProject
Project("{9A19103F-16F7-4668-BE54-9A1E7A4F7556}") = "ProSelf.EntityFrameworkCore", "src\ProSelf.EntityFrameworkCore\ProSelf.EntityFrameworkCore.csproj", "{C956DD76-69C8-4A9C-83EA-D17DF83340FD}"
EndProject
Project("{2150E333-8FDC-42A3-9474-1A3956D46DE8}") = "src", "src", "{CA9AC87F-097E-4F15-8393-4BC07735A5B0}"
EndProject
Project("{2150E333-8FDC-42A3-9474-1A3956D46DE8}") = "test", "test", "{04DBDB01-70F4-4E06-B468-8F87850B22BE}"
EndProject
Project("{9A19103F-16F7-4668-BE54-9A1E7A4F7556}") = "ProSelf.Application.Tests", "test\ProSelf.Application.Tests\ProSelf.Application.Tests.csproj", "{50B2631D-129C-47B3-A587-029CCD6099BC}"
EndProject
Project("{9A19103F-16F7-4668-BE54-9A1E7A4F7556}") = "ProSelf.Domain.Shared", "src\ProSelf.Domain.Shared\ProSelf.Domain.Shared.csproj", "{42F719ED-8413-4895-B5B4-5AB56079BC66}"
EndProject
Project("{9A19103F-16F7-4668-BE54-9A1E7A4F7556}") = "ProSelf.Application.Contracts", "src\ProSelf.Application.Contracts\ProSelf.Application.Contracts.csproj", "{520659C8-C734-4298-A3DA-B539DB9DFC0B}"
EndProject
Project("{9A19103F-16F7-4668-BE54-9A1E7A4F7556}") = "ProSelf.HttpApi", "src\ProSelf.HttpApi\ProSelf.HttpApi.csproj", "{4164BDF7-F527-4E85-9CE6-E3C2D7426A27}"
EndProject
Project("{9A19103F-16F7-4668-BE54-9A1E7A4F7556}") = "ProSelf.HttpApi.Client", "src\ProSelf.HttpApi.Client\ProSelf.HttpApi.Client.csproj", "{3B5A0094-670D-4BB1-BFDD-61B88A8773DC}"
EndProject
Project("{9A19103F-16F7-4668-BE54-9A1E7A4F7556}") = "ProSelf.AuthServer", "src\ProSelf.AuthServer\ProSelf.AuthServer.csproj", "{073C361E-B8F4-49F5-93CC-72A3FF49C026}"
EndProject
Project("{9A19103F-16F7-4668-BE54-9A1E7A4F7556}") = "ProSelf.HttpApi.Host", "src\ProSelf.HttpApi.Host\ProSelf.HttpApi.Host.csproj", "{E6D5BF0E-DE92-4D82-A352-EF04B37CB11C}"
EndProject
Project("{9A19103F-16F7-4668-BE54-9A1E7A4F7556}") = "ProSelf.EntityFrameworkCore.Tests", "test\ProSelf.EntityFrameworkCore.Tests\ProSelf.EntityFrameworkCore.Tests.csproj", "{1FE30EB9-74A9-47F5-A9F6-7B1FAB672D81}"
EndProject
Project("{9A19103F-16F7-4668-BE54-9A1E7A4F7556}") = "ProSelf.TestBase", "test\ProSelf.TestBase\ProSelf.TestBase.csproj", "{91853F21-9CD9-4132-BC29-A7D5D84FFFE7}"
EndProject
Project("{9A19103F-16F7-4668-BE54-9A1E7A4F7556}") = "ProSelf.Domain.Tests", "test\ProSelf.Domain.Tests\ProSelf.Domain.Tests.csproj", "{E512F4D9-9375-480F-A2F6-A46509F9D824}"
EndProject
Project("{9A19103F-16F7-4668-BE54-9A1E7A4F7556}") = "ProSelf.HttpApi.Client.ConsoleTestApp", "test\ProSelf.HttpApi.Client.ConsoleTestApp\ProSelf.HttpApi.Client.ConsoleTestApp.csproj", "{EF480016-9127-4916-8735-D2466BDBC582}"
EndProject
Project("{9A19103F-16F7-4668-BE54-9A1E7A4F7556}") = "ProSelf.DbMigrator", "src\ProSelf.DbMigrator\ProSelf.DbMigrator.csproj", "{AA94D832-1CCC-4715-95A9-A483F23A1A5D}"
EndProject
Project("{2150E333-8FDC-42A3-9474-1A3956D46DE8}") = "auth", "auth", "{CC891845-F3C3-4EA3-8159-6593A4232497}"
EndProject
Project("{2150E333-8FDC-42A3-9474-1A3956D46DE8}") = "common", "common", "{D57E532C-DEDC-43BD-B2E4-5C8FD718B1E9}"
EndProject
Project("{2150E333-8FDC-42A3-9474-1A3956D46DE8}") = "admin", "admin", "{67727F85-FFA2-4022-92FC-62523FAED09A}"
EndProject
Project("{2150E333-8FDC-42A3-9474-1A3956D46DE8}") = "public", "public", "{B3A9A7F3-6F9B-459E-996A-0DD397CA10D0}"
EndProject
Project("{2150E333-8FDC-42A3-9474-1A3956D46DE8}") = "domain", "domain", "{6996478B-9B0A-492B-83AE-6AF03905B649}"
EndProject
Project("{2150E333-8FDC-42A3-9474-1A3956D46DE8}") = "infrastructure", "infrastructure", "{E3EA7820-020C-4E17-B7D2-C767E31BC9CC}"
EndProject
Project("{2150E333-8FDC-42A3-9474-1A3956D46DE8}") = "public", "public", "{2801BFBE-B1FC-4B25-9A91-DFAF0428E3F5}"
EndProject
Project("{2150E333-8FDC-42A3-9474-1A3956D46DE8}") = "admin", "admin", "{BA9F9FCC-E12C-4C07-80D4-5B621C128D4C}"
EndProject
Project("{2150E333-8FDC-42A3-9474-1A3956D46DE8}") = "shared", "shared", "{99B65C5E-DBA6-45FC-82C6-45260C409ACB}"
EndProject
Project("{9A19103F-16F7-4668-BE54-9A1E7A4F7556}") = "ProSelf.Admin.Application", "src\ProSelf.Admin.Application\ProSelf.Admin.Application.csproj", "{3DD7164E-958A-429C-A33E-0792380359B9}"
EndProject
Project("{9A19103F-16F7-4668-BE54-9A1E7A4F7556}") = "ProSelf.Admin.Application.Contracts", "src\ProSelf.Admin.Application.Contracts\ProSelf.Admin.Application.Contracts.csproj", "{EEFFB9A0-C25F-47D6-A486-C95C73078F6A}"
EndProject
Project("{9A19103F-16F7-4668-BE54-9A1E7A4F7556}") = "ProSelf.Admin.HttpApi", "src\ProSelf.Admin.HttpApi\ProSelf.Admin.HttpApi.csproj", "{20D58040-B1F3-411C-8A2B-1B8DBA80C433}"
EndProject
Project("{9A19103F-16F7-4668-BE54-9A1E7A4F7556}") = "ProSelf.Admin.HttpApi.Client", "src\ProSelf.Admin.HttpApi.Client\ProSelf.Admin.HttpApi.Client.csproj", "{0EEA949A-C35E-4B74-B43B-67834FF1000C}"
EndProject
Project("{9A19103F-16F7-4668-BE54-9A1E7A4F7556}") = "ProSelf.Admin.HttpApi.Host", "src\ProSelf.Admin.HttpApi.Host\ProSelf.Admin.HttpApi.Host.csproj", "{03605A9D-1F1F-42F9-9974-4A163DB2B916}"
EndProject
Project("{9A19103F-16F7-4668-BE54-9A1E7A4F7556}") = "ProSelf.Admin.Application.Tests", "test\ProSelf.Admin.Application.Tests\ProSelf.Admin.Application.Tests.csproj", "{BE89D2ED-6BE2-42F0-B939-2B7E4E2D70B0}"
EndProject
Project("{9A19103F-16F7-4668-BE54-9A1E7A4F7556}") = "ProSelf.Admin.HttpApi.Client.ConsoleTestApp", "test\ProSelf.Admin.HttpApi.Client.ConsoleTestApp\ProSelf.Admin.HttpApi.Client.ConsoleTestApp.csproj", "{B25DE3E5-766D-43ED-B6CA-8A91CE0E31F9}"
EndProject
Global
	GlobalSection(SolutionConfigurationPlatforms) = preSolution
		Debug|Any CPU = Debug|Any CPU
		Release|Any CPU = Release|Any CPU
	EndGlobalSection
	GlobalSection(ProjectConfigurationPlatforms) = postSolution
		{554AD327-6DBA-4F8F-96F8-81CE7A0C863F}.Debug|Any CPU.ActiveCfg = Debug|Any CPU
		{554AD327-6DBA-4F8F-96F8-81CE7A0C863F}.Debug|Any CPU.Build.0 = Debug|Any CPU
		{554AD327-6DBA-4F8F-96F8-81CE7A0C863F}.Release|Any CPU.ActiveCfg = Release|Any CPU
		{554AD327-6DBA-4F8F-96F8-81CE7A0C863F}.Release|Any CPU.Build.0 = Release|Any CPU
		{1A94A50E-06DC-43C1-80B5-B662820EC3EB}.Debug|Any CPU.ActiveCfg = Debug|Any CPU
		{1A94A50E-06DC-43C1-80B5-B662820EC3EB}.Debug|Any CPU.Build.0 = Debug|Any CPU
		{1A94A50E-06DC-43C1-80B5-B662820EC3EB}.Release|Any CPU.ActiveCfg = Release|Any CPU
		{1A94A50E-06DC-43C1-80B5-B662820EC3EB}.Release|Any CPU.Build.0 = Release|Any CPU
		{C956DD76-69C8-4A9C-83EA-D17DF83340FD}.Debug|Any CPU.ActiveCfg = Debug|Any CPU
		{C956DD76-69C8-4A9C-83EA-D17DF83340FD}.Debug|Any CPU.Build.0 = Debug|Any CPU
		{C956DD76-69C8-4A9C-83EA-D17DF83340FD}.Release|Any CPU.ActiveCfg = Release|Any CPU
		{C956DD76-69C8-4A9C-83EA-D17DF83340FD}.Release|Any CPU.Build.0 = Release|Any CPU
		{50B2631D-129C-47B3-A587-029CCD6099BC}.Debug|Any CPU.ActiveCfg = Debug|Any CPU
		{50B2631D-129C-47B3-A587-029CCD6099BC}.Debug|Any CPU.Build.0 = Debug|Any CPU
		{50B2631D-129C-47B3-A587-029CCD6099BC}.Release|Any CPU.ActiveCfg = Release|Any CPU
		{50B2631D-129C-47B3-A587-029CCD6099BC}.Release|Any CPU.Build.0 = Release|Any CPU
		{42F719ED-8413-4895-B5B4-5AB56079BC66}.Debug|Any CPU.ActiveCfg = Debug|Any CPU
		{42F719ED-8413-4895-B5B4-5AB56079BC66}.Debug|Any CPU.Build.0 = Debug|Any CPU
		{42F719ED-8413-4895-B5B4-5AB56079BC66}.Release|Any CPU.ActiveCfg = Release|Any CPU
		{42F719ED-8413-4895-B5B4-5AB56079BC66}.Release|Any CPU.Build.0 = Release|Any CPU
		{520659C8-C734-4298-A3DA-B539DB9DFC0B}.Debug|Any CPU.ActiveCfg = Debug|Any CPU
		{520659C8-C734-4298-A3DA-B539DB9DFC0B}.Debug|Any CPU.Build.0 = Debug|Any CPU
		{520659C8-C734-4298-A3DA-B539DB9DFC0B}.Release|Any CPU.ActiveCfg = Release|Any CPU
		{520659C8-C734-4298-A3DA-B539DB9DFC0B}.Release|Any CPU.Build.0 = Release|Any CPU
		{4164BDF7-F527-4E85-9CE6-E3C2D7426A27}.Debug|Any CPU.ActiveCfg = Debug|Any CPU
		{4164BDF7-F527-4E85-9CE6-E3C2D7426A27}.Debug|Any CPU.Build.0 = Debug|Any CPU
		{4164BDF7-F527-4E85-9CE6-E3C2D7426A27}.Release|Any CPU.ActiveCfg = Release|Any CPU
		{4164BDF7-F527-4E85-9CE6-E3C2D7426A27}.Release|Any CPU.Build.0 = Release|Any CPU
		{3B5A0094-670D-4BB1-BFDD-61B88A8773DC}.Debug|Any CPU.ActiveCfg = Debug|Any CPU
		{3B5A0094-670D-4BB1-BFDD-61B88A8773DC}.Debug|Any CPU.Build.0 = Debug|Any CPU
		{3B5A0094-670D-4BB1-BFDD-61B88A8773DC}.Release|Any CPU.ActiveCfg = Release|Any CPU
		{3B5A0094-670D-4BB1-BFDD-61B88A8773DC}.Release|Any CPU.Build.0 = Release|Any CPU
		{073C361E-B8F4-49F5-93CC-72A3FF49C026}.Debug|Any CPU.ActiveCfg = Debug|Any CPU
		{073C361E-B8F4-49F5-93CC-72A3FF49C026}.Debug|Any CPU.Build.0 = Debug|Any CPU
		{073C361E-B8F4-49F5-93CC-72A3FF49C026}.Release|Any CPU.ActiveCfg = Release|Any CPU
		{073C361E-B8F4-49F5-93CC-72A3FF49C026}.Release|Any CPU.Build.0 = Release|Any CPU
		{E6D5BF0E-DE92-4D82-A352-EF04B37CB11C}.Debug|Any CPU.ActiveCfg = Debug|Any CPU
		{E6D5BF0E-DE92-4D82-A352-EF04B37CB11C}.Debug|Any CPU.Build.0 = Debug|Any CPU
		{E6D5BF0E-DE92-4D82-A352-EF04B37CB11C}.Release|Any CPU.ActiveCfg = Release|Any CPU
		{E6D5BF0E-DE92-4D82-A352-EF04B37CB11C}.Release|Any CPU.Build.0 = Release|Any CPU
		{1FE30EB9-74A9-47F5-A9F6-7B1FAB672D81}.Debug|Any CPU.ActiveCfg = Debug|Any CPU
		{1FE30EB9-74A9-47F5-A9F6-7B1FAB672D81}.Debug|Any CPU.Build.0 = Debug|Any CPU
		{1FE30EB9-74A9-47F5-A9F6-7B1FAB672D81}.Release|Any CPU.ActiveCfg = Release|Any CPU
		{1FE30EB9-74A9-47F5-A9F6-7B1FAB672D81}.Release|Any CPU.Build.0 = Release|Any CPU
		{91853F21-9CD9-4132-BC29-A7D5D84FFFE7}.Debug|Any CPU.ActiveCfg = Debug|Any CPU
		{91853F21-9CD9-4132-BC29-A7D5D84FFFE7}.Debug|Any CPU.Build.0 = Debug|Any CPU
		{91853F21-9CD9-4132-BC29-A7D5D84FFFE7}.Release|Any CPU.ActiveCfg = Release|Any CPU
		{91853F21-9CD9-4132-BC29-A7D5D84FFFE7}.Release|Any CPU.Build.0 = Release|Any CPU
		{E512F4D9-9375-480F-A2F6-A46509F9D824}.Debug|Any CPU.ActiveCfg = Debug|Any CPU
		{E512F4D9-9375-480F-A2F6-A46509F9D824}.Debug|Any CPU.Build.0 = Debug|Any CPU
		{E512F4D9-9375-480F-A2F6-A46509F9D824}.Release|Any CPU.ActiveCfg = Release|Any CPU
		{E512F4D9-9375-480F-A2F6-A46509F9D824}.Release|Any CPU.Build.0 = Release|Any CPU
		{EF480016-9127-4916-8735-D2466BDBC582}.Debug|Any CPU.ActiveCfg = Debug|Any CPU
		{EF480016-9127-4916-8735-D2466BDBC582}.Debug|Any CPU.Build.0 = Debug|Any CPU
		{EF480016-9127-4916-8735-D2466BDBC582}.Release|Any CPU.ActiveCfg = Release|Any CPU
		{EF480016-9127-4916-8735-D2466BDBC582}.Release|Any CPU.Build.0 = Release|Any CPU
		{AA94D832-1CCC-4715-95A9-A483F23A1A5D}.Debug|Any CPU.ActiveCfg = Debug|Any CPU
		{AA94D832-1CCC-4715-95A9-A483F23A1A5D}.Debug|Any CPU.Build.0 = Debug|Any CPU
		{AA94D832-1CCC-4715-95A9-A483F23A1A5D}.Release|Any CPU.ActiveCfg = Release|Any CPU
		{AA94D832-1CCC-4715-95A9-A483F23A1A5D}.Release|Any CPU.Build.0 = Release|Any CPU
		{3DD7164E-958A-429C-A33E-0792380359B9}.Debug|Any CPU.ActiveCfg = Debug|Any CPU
		{3DD7164E-958A-429C-A33E-0792380359B9}.Debug|Any CPU.Build.0 = Debug|Any CPU
		{3DD7164E-958A-429C-A33E-0792380359B9}.Release|Any CPU.ActiveCfg = Release|Any CPU
		{3DD7164E-958A-429C-A33E-0792380359B9}.Release|Any CPU.Build.0 = Release|Any CPU
		{EEFFB9A0-C25F-47D6-A486-C95C73078F6A}.Debug|Any CPU.ActiveCfg = Debug|Any CPU
		{EEFFB9A0-C25F-47D6-A486-C95C73078F6A}.Debug|Any CPU.Build.0 = Debug|Any CPU
		{EEFFB9A0-C25F-47D6-A486-C95C73078F6A}.Release|Any CPU.ActiveCfg = Release|Any CPU
		{EEFFB9A0-C25F-47D6-A486-C95C73078F6A}.Release|Any CPU.Build.0 = Release|Any CPU
		{20D58040-B1F3-411C-8A2B-1B8DBA80C433}.Debug|Any CPU.ActiveCfg = Debug|Any CPU
		{20D58040-B1F3-411C-8A2B-1B8DBA80C433}.Debug|Any CPU.Build.0 = Debug|Any CPU
		{20D58040-B1F3-411C-8A2B-1B8DBA80C433}.Release|Any CPU.ActiveCfg = Release|Any CPU
		{20D58040-B1F3-411C-8A2B-1B8DBA80C433}.Release|Any CPU.Build.0 = Release|Any CPU
		{0EEA949A-C35E-4B74-B43B-67834FF1000C}.Debug|Any CPU.ActiveCfg = Debug|Any CPU
		{0EEA949A-C35E-4B74-B43B-67834FF1000C}.Debug|Any CPU.Build.0 = Debug|Any CPU
		{0EEA949A-C35E-4B74-B43B-67834FF1000C}.Release|Any CPU.ActiveCfg = Release|Any CPU
		{0EEA949A-C35E-4B74-B43B-67834FF1000C}.Release|Any CPU.Build.0 = Release|Any CPU
		{03605A9D-1F1F-42F9-9974-4A163DB2B916}.Debug|Any CPU.ActiveCfg = Debug|Any CPU
		{03605A9D-1F1F-42F9-9974-4A163DB2B916}.Debug|Any CPU.Build.0 = Debug|Any CPU
		{03605A9D-1F1F-42F9-9974-4A163DB2B916}.Release|Any CPU.ActiveCfg = Release|Any CPU
		{03605A9D-1F1F-42F9-9974-4A163DB2B916}.Release|Any CPU.Build.0 = Release|Any CPU
		{BE89D2ED-6BE2-42F0-B939-2B7E4E2D70B0}.Debug|Any CPU.ActiveCfg = Debug|Any CPU
		{BE89D2ED-6BE2-42F0-B939-2B7E4E2D70B0}.Debug|Any CPU.Build.0 = Debug|Any CPU
		{BE89D2ED-6BE2-42F0-B939-2B7E4E2D70B0}.Release|Any CPU.ActiveCfg = Release|Any CPU
		{BE89D2ED-6BE2-42F0-B939-2B7E4E2D70B0}.Release|Any CPU.Build.0 = Release|Any CPU
		{B25DE3E5-766D-43ED-B6CA-8A91CE0E31F9}.Debug|Any CPU.ActiveCfg = Debug|Any CPU
		{B25DE3E5-766D-43ED-B6CA-8A91CE0E31F9}.Debug|Any CPU.Build.0 = Debug|Any CPU
		{B25DE3E5-766D-43ED-B6CA-8A91CE0E31F9}.Release|Any CPU.ActiveCfg = Release|Any CPU
		{B25DE3E5-766D-43ED-B6CA-8A91CE0E31F9}.Release|Any CPU.Build.0 = Release|Any CPU
	EndGlobalSection
	GlobalSection(SolutionProperties) = preSolution
		HideSolutionNode = FALSE
	EndGlobalSection
	GlobalSection(NestedProjects) = preSolution
		{554AD327-6DBA-4F8F-96F8-81CE7A0C863F} = {6996478B-9B0A-492B-83AE-6AF03905B649}
		{1A94A50E-06DC-43C1-80B5-B662820EC3EB} = {B3A9A7F3-6F9B-459E-996A-0DD397CA10D0}
		{C956DD76-69C8-4A9C-83EA-D17DF83340FD} = {E3EA7820-020C-4E17-B7D2-C767E31BC9CC}
		{50B2631D-129C-47B3-A587-029CCD6099BC} = {2801BFBE-B1FC-4B25-9A91-DFAF0428E3F5}
		{42F719ED-8413-4895-B5B4-5AB56079BC66} = {6996478B-9B0A-492B-83AE-6AF03905B649}
		{520659C8-C734-4298-A3DA-B539DB9DFC0B} = {B3A9A7F3-6F9B-459E-996A-0DD397CA10D0}
		{4164BDF7-F527-4E85-9CE6-E3C2D7426A27} = {B3A9A7F3-6F9B-459E-996A-0DD397CA10D0}
		{3B5A0094-670D-4BB1-BFDD-61B88A8773DC} = {B3A9A7F3-6F9B-459E-996A-0DD397CA10D0}
		{073C361E-B8F4-49F5-93CC-72A3FF49C026} = {CC891845-F3C3-4EA3-8159-6593A4232497}
		{E6D5BF0E-DE92-4D82-A352-EF04B37CB11C} = {B3A9A7F3-6F9B-459E-996A-0DD397CA10D0}
		{1FE30EB9-74A9-47F5-A9F6-7B1FAB672D81} = {99B65C5E-DBA6-45FC-82C6-45260C409ACB}
		{91853F21-9CD9-4132-BC29-A7D5D84FFFE7} = {99B65C5E-DBA6-45FC-82C6-45260C409ACB}
		{E512F4D9-9375-480F-A2F6-A46509F9D824} = {99B65C5E-DBA6-45FC-82C6-45260C409ACB}
		{EF480016-9127-4916-8735-D2466BDBC582} = {2801BFBE-B1FC-4B25-9A91-DFAF0428E3F5}
		{AA94D832-1CCC-4715-95A9-A483F23A1A5D} = {E3EA7820-020C-4E17-B7D2-C767E31BC9CC}
		{CC891845-F3C3-4EA3-8159-6593A4232497} = {CA9AC87F-097E-4F15-8393-4BC07735A5B0}
		{D57E532C-DEDC-43BD-B2E4-5C8FD718B1E9} = {CA9AC87F-097E-4F15-8393-4BC07735A5B0}
		{67727F85-FFA2-4022-92FC-62523FAED09A} = {CA9AC87F-097E-4F15-8393-4BC07735A5B0}
		{B3A9A7F3-6F9B-459E-996A-0DD397CA10D0} = {CA9AC87F-097E-4F15-8393-4BC07735A5B0}
		{6996478B-9B0A-492B-83AE-6AF03905B649} = {D57E532C-DEDC-43BD-B2E4-5C8FD718B1E9}
		{E3EA7820-020C-4E17-B7D2-C767E31BC9CC} = {D57E532C-DEDC-43BD-B2E4-5C8FD718B1E9}
		{2801BFBE-B1FC-4B25-9A91-DFAF0428E3F5} = {04DBDB01-70F4-4E06-B468-8F87850B22BE}
		{BA9F9FCC-E12C-4C07-80D4-5B621C128D4C} = {04DBDB01-70F4-4E06-B468-8F87850B22BE}
		{99B65C5E-DBA6-45FC-82C6-45260C409ACB} = {04DBDB01-70F4-4E06-B468-8F87850B22BE}
		{3DD7164E-958A-429C-A33E-0792380359B9} = {67727F85-FFA2-4022-92FC-62523FAED09A}
		{EEFFB9A0-C25F-47D6-A486-C95C73078F6A} = {67727F85-FFA2-4022-92FC-62523FAED09A}
		{20D58040-B1F3-411C-8A2B-1B8DBA80C433} = {67727F85-FFA2-4022-92FC-62523FAED09A}
		{0EEA949A-C35E-4B74-B43B-67834FF1000C} = {67727F85-FFA2-4022-92FC-62523FAED09A}
		{03605A9D-1F1F-42F9-9974-4A163DB2B916} = {67727F85-FFA2-4022-92FC-62523FAED09A}
		{BE89D2ED-6BE2-42F0-B939-2B7E4E2D70B0} = {BA9F9FCC-E12C-4C07-80D4-5B621C128D4C}
		{B25DE3E5-766D-43ED-B6CA-8A91CE0E31F9} = {BA9F9FCC-E12C-4C07-80D4-5B621C128D4C}
	EndGlobalSection
	GlobalSection(ExtensibilityGlobals) = postSolution
		SolutionGuid = {28315BFD-90E7-4E14-A2EA-F3D23AF4126F}
	EndGlobalSection
EndGlobal
